{
  "version": 4,
  "terraform_version": "1.2.3",
  "serial": 663,
  "lineage": "12610290-12e5-d18e-d7ac-bbeee955f475",
  "outputs": {},
  "resources": [
    {
      "module": "module.demo-cluster",
      "mode": "managed",
      "type": "aws_eks_cluster",
      "name": "demo",
      "provider": "provider[\"registry.terraform.io/hashicorp/aws\"]",
      "instances": [
        {
          "schema_version": 0,
          "attributes": {
            "arn": "arn:aws:eks:ap-south-1:144028327883:cluster/test-eks-cluster",
            "certificate_authority": [
              {
                "data": "LS0tLS1CRUdJTiBDRVJUSUZJQ0FURS0tLS0tCk1JSUMvakNDQWVhZ0F3SUJBZ0lCQURBTkJna3Foa2lHOXcwQkFRc0ZBREFWTVJNd0VRWURWUVFERXdwcmRXSmwKY201bGRHVnpNQjRYRFRJeU1EY3lNakEzTURRd09Wb1hEVE15TURjeE9UQTNNRFF3T1Zvd0ZURVRNQkVHQTFVRQpBeE1LYTNWaVpYSnVaWFJsY3pDQ0FTSXdEUVlKS29aSWh2Y05BUUVCQlFBRGdnRVBBRENDQVFvQ2dnRUJBT0w2CkJ6ME9CZkxvUVdrUTNZQzlkQTBpRlQ5T2lhaTJyYjlxckpBTmErcktnSEwyeHdqME9SSlk2ZnJQSk5GdVEwQnQKQkxCOVRQMDlPMXJZL1lpdXFCSERiNzJ3ODJTNmg2eWRHZExxazlMUWxvd2NFcXRKR3JlQ3BodzhPZWVTSkFHUgprWHRHMXNkWWZpRjUyU2xsbWI5cUFicDNjOWZFUERtaEJXTmRTWTRuWTdOalgzTkNGdWxyME40d1crU3U2Y25VCkxmbVBnSkJWZUMyQUVtRGYxc1AwdU93TWZNTjZ5a3JxakppL1NHNEp4YXpVQkw5ZmNjeVIxUmZGSk1kMWlHQkQKQU4xVFFDcklldWs5VkZaY2RPamphTk9Za3d1YzF2Q2Rscm5UaFZ0a3ZRcHd2L1JkcHZhVjhta3Aza21XcFdKcgpxRFVhQm1oQld3SnlNYWhOaWZVQ0F3RUFBYU5aTUZjd0RnWURWUjBQQVFIL0JBUURBZ0trTUE4R0ExVWRFd0VCCi93UUZNQU1CQWY4d0hRWURWUjBPQkJZRUZIVFVDV3l4clJKOHFYanU3b2d6dUQwREdUY0JNQlVHQTFVZEVRUU8KTUF5Q0NtdDFZbVZ5Ym1WMFpYTXdEUVlKS29aSWh2Y05BUUVMQlFBRGdnRUJBTEYxL2F5R3Q5MmhvcElucCt3awpYMTE2QnAydk13L2ErekVNeVF1eXJrSGl4TlE0UVlKYWt6Umd0ZHJTUXJjQTN0RDVkVDMvYWszRFJXbStMUlJZCm0xUGRSckVXcmlibkZoZjFCTklMbXYrci9pVWpZUWY3V2FlVXZteDhCbGRVbWV4SmhISVladG1IZ3pQVk82TEUKbHAxQWFRLzI3TUJCdVdFWWZtNGM3NzNaWldXZzNvT3lpWEZyVTM1ODlIelZaZENyb0RJY0FsVTZLRURxQ2hQcAp1UE9vM1MzNnFtYzNRYW1ZM3dKQVRIQnB0V2UyRW9aMTlSWTdNdlllNHk3SmVhNjFmS1VVdTRxVGJsdEU5NzFECjJjVDdmSkt0Vk1nV1lVNzZLQk1NWkwrdmp6YW1xRWRjdDNKMElubFZqK1dTMGNpY0lSbWNqckk4VCtROUxBOUwKM0lNPQotLS0tLUVORCBDRVJUSUZJQ0FURS0tLS0tCg=="
              }
            ],
            "created_at": "2022-07-22 06:58:37.757 +0000 UTC",
            "enabled_cluster_log_types": null,
            "encryption_config": [],
            "endpoint": "https://01E293E4A1266D4F5F3F8AF917CAE049.gr7.ap-south-1.eks.amazonaws.com",
            "id": "test-eks-cluster",
            "identity": [
              {
                "oidc": [
                  {
                    "issuer": "https://oidc.eks.ap-south-1.amazonaws.com/id/01E293E4A1266D4F5F3F8AF917CAE049"
                  }
                ]
              }
            ],
            "kubernetes_network_config": [
              {
                "ip_family": "ipv4",
                "service_ipv4_cidr": "172.20.0.0/16"
              }
            ],
            "name": "test-eks-cluster",
            "platform_version": "eks.4",
            "role_arn": "arn:aws:iam::144028327883:role/test-eks-cluster",
            "status": "ACTIVE",
            "tags": null,
            "tags_all": {},
            "timeouts": null,
            "version": "1.22",
            "vpc_config": [
              {
                "cluster_security_group_id": "sg-0b8cd51a119dd320c",
                "endpoint_private_access": false,
                "endpoint_public_access": true,
                "public_access_cidrs": [
                  "0.0.0.0/0"
                ],
                "security_group_ids": [
                  "sg-07e45f60477291226"
                ],
                "subnet_ids": [
                  "subnet-023d35bbaaf4ba6e4",
                  "subnet-0283f94f3800996d5"
                ],
                "vpc_id": "vpc-024f1ee243a7fd4e5"
              }
            ]
          },
          "sensitive_attributes": [],
          "private": "eyJlMmJmYjczMC1lY2FhLTExZTYtOGY4OC0zNDM2M2JjN2M0YzAiOnsiY3JlYXRlIjoxODAwMDAwMDAwMDAwLCJkZWxldGUiOjkwMDAwMDAwMDAwMCwidXBkYXRlIjozNjAwMDAwMDAwMDAwfX0=",
          "dependencies": [
            "module.demo-cluster.aws_iam_role.demo-cluster",
            "module.demo-cluster.aws_iam_role_policy_attachment.demo-cluster-AmazonEKSClusterPolicy",
            "module.demo-cluster.aws_iam_role_policy_attachment.demo-cluster-AmazonEKSServicePolicy",
            "module.demo-cluster.aws_security_group.demo-cluster",
            "module.eks-vpc.aws_subnet.public-subnet",
            "module.eks-vpc.aws_vpc.eks-vpc"
          ]
        }
      ]
    },
    {
      "module": "module.demo-cluster",
      "mode": "managed",
      "type": "aws_iam_role",
      "name": "demo-cluster",
      "provider": "provider[\"registry.terraform.io/hashicorp/aws\"]",
      "instances": [
        {
          "schema_version": 0,
          "attributes": {
            "arn": "arn:aws:iam::144028327883:role/test-eks-cluster",
            "assume_role_policy": "{\"Version\":\"2012-10-17\",\"Statement\":[{\"Effect\":\"Allow\",\"Principal\":{\"Service\":\"eks.amazonaws.com\"},\"Action\":\"sts:AssumeRole\"}]}",
            "create_date": "2022-07-22T06:58:14Z",
            "description": "",
            "force_detach_policies": false,
            "id": "test-eks-cluster",
            "inline_policy": [
              {
                "name": "",
                "policy": ""
              }
            ],
            "managed_policy_arns": [],
            "max_session_duration": 3600,
            "name": "test-eks-cluster",
            "name_prefix": "",
            "path": "/",
            "permissions_boundary": null,
            "tags": null,
            "tags_all": {},
            "unique_id": "AROASDCGB37F6DOZLR2CB"
          },
          "sensitive_attributes": [],
          "private": "bnVsbA=="
        }
      ]
    },
    {
      "module": "module.demo-cluster",
      "mode": "managed",
      "type": "aws_iam_role_policy_attachment",
      "name": "demo-cluster-AmazonEKSClusterPolicy",
      "provider": "provider[\"registry.terraform.io/hashicorp/aws\"]",
      "instances": [
        {
          "schema_version": 0,
          "attributes": {
            "id": "test-eks-cluster-20220722065816275400000005",
            "policy_arn": "arn:aws:iam::aws:policy/AmazonEKSClusterPolicy",
            "role": "test-eks-cluster"
          },
          "sensitive_attributes": [],
          "private": "bnVsbA==",
          "dependencies": [
            "module.demo-cluster.aws_iam_role.demo-cluster"
          ]
        }
      ]
    },
    {
      "module": "module.demo-cluster",
      "mode": "managed",
      "type": "aws_iam_role_policy_attachment",
      "name": "demo-cluster-AmazonEKSServicePolicy",
      "provider": "provider[\"registry.terraform.io/hashicorp/aws\"]",
      "instances": [
        {
          "schema_version": 0,
          "attributes": {
            "id": "test-eks-cluster-20220722065815611800000001",
            "policy_arn": "arn:aws:iam::aws:policy/AmazonEKSServicePolicy",
            "role": "test-eks-cluster"
          },
          "sensitive_attributes": [],
          "private": "bnVsbA==",
          "dependencies": [
            "module.demo-cluster.aws_iam_role.demo-cluster"
          ]
        }
      ]
    },
    {
      "module": "module.demo-cluster",
      "mode": "managed",
      "type": "aws_security_group",
      "name": "demo-cluster",
      "provider": "provider[\"registry.terraform.io/hashicorp/aws\"]",
      "instances": [
        {
          "schema_version": 1,
          "attributes": {
            "arn": "arn:aws:ec2:ap-south-1:144028327883:security-group/sg-07e45f60477291226",
            "description": "Cluster communication with worker nodes",
            "egress": [
              {
                "cidr_blocks": [
                  "0.0.0.0/0"
                ],
                "description": "",
                "from_port": 0,
                "ipv6_cidr_blocks": [],
                "prefix_list_ids": [],
                "protocol": "-1",
                "security_groups": [],
                "self": false,
                "to_port": 0
              }
            ],
            "id": "sg-07e45f60477291226",
            "ingress": [],
            "name": "terraform-eks-demo-cluster",
            "name_prefix": "",
            "owner_id": "144028327883",
            "revoke_rules_on_delete": false,
            "tags": {
              "Name": "terraform-eks-demo"
            },
            "tags_all": {
              "Name": "terraform-eks-demo"
            },
            "timeouts": null,
            "vpc_id": "vpc-024f1ee243a7fd4e5"
          },
          "sensitive_attributes": [],
          "private": "eyJlMmJmYjczMC1lY2FhLTExZTYtOGY4OC0zNDM2M2JjN2M0YzAiOnsiY3JlYXRlIjo2MDAwMDAwMDAwMDAsImRlbGV0ZSI6OTAwMDAwMDAwMDAwfSwic2NoZW1hX3ZlcnNpb24iOiIxIn0=",
          "dependencies": [
            "module.eks-vpc.aws_vpc.eks-vpc"
          ]
        }
      ]
    },
    {
      "module": "module.eks-vpc",
      "mode": "managed",
      "type": "aws_eip",
      "name": "nat-aws-eip",
      "provider": "provider[\"registry.terraform.io/hashicorp/aws\"]",
      "instances": [
        {
          "schema_version": 0,
          "attributes": {
            "address": null,
            "allocation_id": "eipalloc-01de4690ef2f182d6",
            "associate_with_private_ip": null,
            "association_id": "",
            "carrier_ip": "",
            "customer_owned_ip": "",
            "customer_owned_ipv4_pool": "",
            "domain": "vpc",
            "id": "eipalloc-01de4690ef2f182d6",
            "instance": "",
            "network_border_group": "ap-south-1",
            "network_interface": "",
            "private_dns": null,
            "private_ip": "",
            "public_dns": "ec2-43-204-173-69.ap-south-1.compute.amazonaws.com",
            "public_ip": "43.204.173.69",
            "public_ipv4_pool": "amazon",
            "tags": null,
            "tags_all": {},
            "timeouts": null,
            "vpc": true
          },
          "sensitive_attributes": [],
          "private": "eyJlMmJmYjczMC1lY2FhLTExZTYtOGY4OC0zNDM2M2JjN2M0YzAiOnsiZGVsZXRlIjoxODAwMDAwMDAwMDAsInJlYWQiOjkwMDAwMDAwMDAwMCwidXBkYXRlIjozMDAwMDAwMDAwMDB9fQ==",
          "dependencies": [
            "module.eks-vpc.aws_internet_gateway.igw",
            "module.eks-vpc.aws_vpc.eks-vpc"
          ]
        }
      ]
    },
    {
      "module": "module.eks-vpc",
      "mode": "managed",
      "type": "aws_internet_gateway",
      "name": "igw",
      "provider": "provider[\"registry.terraform.io/hashicorp/aws\"]",
      "instances": [
        {
          "schema_version": 0,
          "attributes": {
            "arn": "arn:aws:ec2:ap-south-1:144028327883:internet-gateway/igw-08f35dc6d1efaed3f",
            "id": "igw-08f35dc6d1efaed3f",
            "owner_id": "144028327883",
            "tags": {
              "Name": "eks-igw"
            },
            "tags_all": {
              "Name": "eks-igw"
            },
            "vpc_id": "vpc-024f1ee243a7fd4e5"
          },
          "sensitive_attributes": [],
          "private": "bnVsbA==",
          "dependencies": [
            "module.eks-vpc.aws_vpc.eks-vpc"
          ]
        }
      ]
    },
    {
      "module": "module.eks-vpc",
      "mode": "managed",
      "type": "aws_nat_gateway",
      "name": "nat",
      "provider": "provider[\"registry.terraform.io/hashicorp/aws\"]",
      "instances": [
        {
          "schema_version": 0,
          "attributes": {
            "allocation_id": "eipalloc-01de4690ef2f182d6",
            "connectivity_type": "public",
            "id": "nat-0119d30952f46efcf",
            "network_interface_id": "eni-0a43297b83e261b02",
            "private_ip": "10.0.2.249",
            "public_ip": "43.204.173.69",
            "subnet_id": "subnet-023d35bbaaf4ba6e4",
            "tags": {
              "Name": "eks-nat"
            },
            "tags_all": {
              "Name": "eks-nat"
            }
          },
          "sensitive_attributes": [],
          "private": "bnVsbA==",
          "dependencies": [
            "module.eks-vpc.aws_eip.nat-aws-eip",
            "module.eks-vpc.aws_internet_gateway.igw",
            "module.eks-vpc.aws_subnet.public-subnet",
            "module.eks-vpc.aws_vpc.eks-vpc"
          ]
        }
      ]
    },
    {
      "module": "module.eks-vpc",
      "mode": "managed",
      "type": "aws_route_table",
      "name": "pub-rt",
      "provider": "provider[\"registry.terraform.io/hashicorp/aws\"]",
      "instances": [
        {
          "schema_version": 0,
          "attributes": {
            "arn": "arn:aws:ec2:ap-south-1:144028327883:route-table/rtb-0055ce2af649a9fb0",
            "id": "rtb-0055ce2af649a9fb0",
            "owner_id": "144028327883",
            "propagating_vgws": [],
            "route": [
              {
                "carrier_gateway_id": "",
                "cidr_block": "0.0.0.0/0",
                "core_network_arn": "",
                "destination_prefix_list_id": "",
                "egress_only_gateway_id": "",
                "gateway_id": "igw-08f35dc6d1efaed3f",
                "instance_id": "",
                "ipv6_cidr_block": "",
                "local_gateway_id": "",
                "nat_gateway_id": "",
                "network_interface_id": "",
                "transit_gateway_id": "",
                "vpc_endpoint_id": "",
                "vpc_peering_connection_id": ""
              }
            ],
            "tags": {
              "Name": "eks-pub-rt"
            },
            "tags_all": {
              "Name": "eks-pub-rt"
            },
            "timeouts": null,
            "vpc_id": "vpc-024f1ee243a7fd4e5"
          },
          "sensitive_attributes": [],
          "private": "eyJlMmJmYjczMC1lY2FhLTExZTYtOGY4OC0zNDM2M2JjN2M0YzAiOnsiY3JlYXRlIjozMDAwMDAwMDAwMDAsImRlbGV0ZSI6MzAwMDAwMDAwMDAwLCJ1cGRhdGUiOjEyMDAwMDAwMDAwMH19",
          "dependencies": [
            "module.eks-vpc.aws_internet_gateway.igw",
            "module.eks-vpc.aws_vpc.eks-vpc"
          ]
        }
      ]
    },
    {
      "module": "module.eks-vpc",
      "mode": "managed",
      "type": "aws_route_table",
      "name": "pvt-rt",
      "provider": "provider[\"registry.terraform.io/hashicorp/aws\"]",
      "instances": [
        {
          "schema_version": 0,
          "attributes": {
            "arn": "arn:aws:ec2:ap-south-1:144028327883:route-table/rtb-0d59b6f281a28a1a1",
            "id": "rtb-0d59b6f281a28a1a1",
            "owner_id": "144028327883",
            "propagating_vgws": [],
            "route": [
              {
                "carrier_gateway_id": "",
                "cidr_block": "0.0.0.0/0",
                "core_network_arn": "",
                "destination_prefix_list_id": "",
                "egress_only_gateway_id": "",
                "gateway_id": "nat-0119d30952f46efcf",
                "instance_id": "",
                "ipv6_cidr_block": "",
                "local_gateway_id": "",
                "nat_gateway_id": "",
                "network_interface_id": "",
                "transit_gateway_id": "",
                "vpc_endpoint_id": "",
                "vpc_peering_connection_id": ""
              }
            ],
            "tags": {
              "Name": "eks-pvt-rt"
            },
            "tags_all": {
              "Name": "eks-pvt-rt"
            },
            "timeouts": null,
            "vpc_id": "vpc-024f1ee243a7fd4e5"
          },
          "sensitive_attributes": [],
          "private": "eyJlMmJmYjczMC1lY2FhLTExZTYtOGY4OC0zNDM2M2JjN2M0YzAiOnsiY3JlYXRlIjozMDAwMDAwMDAwMDAsImRlbGV0ZSI6MzAwMDAwMDAwMDAwLCJ1cGRhdGUiOjEyMDAwMDAwMDAwMH19",
          "dependencies": [
            "module.eks-vpc.aws_eip.nat-aws-eip",
            "module.eks-vpc.aws_internet_gateway.igw",
            "module.eks-vpc.aws_nat_gateway.nat",
            "module.eks-vpc.aws_subnet.public-subnet",
            "module.eks-vpc.aws_vpc.eks-vpc"
          ]
        }
      ]
    },
    {
      "module": "module.eks-vpc",
      "mode": "managed",
      "type": "aws_route_table_association",
      "name": "pub-rta",
      "provider": "provider[\"registry.terraform.io/hashicorp/aws\"]",
      "instances": [
        {
          "index_key": 0,
          "schema_version": 0,
          "attributes": {
            "gateway_id": "",
            "id": "rtbassoc-025250b3ff5d852c9",
            "route_table_id": "rtb-0055ce2af649a9fb0",
            "subnet_id": "subnet-0283f94f3800996d5"
          },
          "sensitive_attributes": [],
          "private": "bnVsbA==",
          "dependencies": [
            "module.eks-vpc.aws_internet_gateway.igw",
            "module.eks-vpc.aws_route_table.pub-rt",
            "module.eks-vpc.aws_subnet.public-subnet",
            "module.eks-vpc.aws_vpc.eks-vpc"
          ]
        },
        {
          "index_key": 1,
          "schema_version": 0,
          "attributes": {
            "gateway_id": "",
            "id": "rtbassoc-0dde854efd82a1b95",
            "route_table_id": "rtb-0055ce2af649a9fb0",
            "subnet_id": "subnet-023d35bbaaf4ba6e4"
          },
          "sensitive_attributes": [],
          "private": "bnVsbA==",
          "dependencies": [
            "module.eks-vpc.aws_internet_gateway.igw",
            "module.eks-vpc.aws_route_table.pub-rt",
            "module.eks-vpc.aws_subnet.public-subnet",
            "module.eks-vpc.aws_vpc.eks-vpc"
          ]
        }
      ]
    },
    {
      "module": "module.eks-vpc",
      "mode": "managed",
      "type": "aws_route_table_association",
      "name": "pvt-rta",
      "provider": "provider[\"registry.terraform.io/hashicorp/aws\"]",
      "instances": [
        {
          "index_key": 0,
          "schema_version": 0,
          "attributes": {
            "gateway_id": "",
            "id": "rtbassoc-053b9a87c4770dd70",
            "route_table_id": "rtb-0d59b6f281a28a1a1",
            "subnet_id": "subnet-0b54ee8867fd57197"
          },
          "sensitive_attributes": [],
          "private": "bnVsbA==",
          "dependencies": [
            "module.eks-vpc.aws_eip.nat-aws-eip",
            "module.eks-vpc.aws_internet_gateway.igw",
            "module.eks-vpc.aws_nat_gateway.nat",
            "module.eks-vpc.aws_route_table.pvt-rt",
            "module.eks-vpc.aws_subnet.private-subnet",
            "module.eks-vpc.aws_subnet.public-subnet",
            "module.eks-vpc.aws_vpc.eks-vpc"
          ]
        },
        {
          "index_key": 1,
          "schema_version": 0,
          "attributes": {
            "gateway_id": "",
            "id": "rtbassoc-04b92f3eae9476354",
            "route_table_id": "rtb-0d59b6f281a28a1a1",
            "subnet_id": "subnet-0ec0645c963d7b2d0"
          },
          "sensitive_attributes": [],
          "private": "bnVsbA==",
          "dependencies": [
            "module.eks-vpc.aws_eip.nat-aws-eip",
            "module.eks-vpc.aws_internet_gateway.igw",
            "module.eks-vpc.aws_nat_gateway.nat",
            "module.eks-vpc.aws_route_table.pvt-rt",
            "module.eks-vpc.aws_subnet.private-subnet",
            "module.eks-vpc.aws_subnet.public-subnet",
            "module.eks-vpc.aws_vpc.eks-vpc"
          ]
        }
      ]
    },
    {
      "module": "module.eks-vpc",
      "mode": "managed",
      "type": "aws_subnet",
      "name": "private-subnet",
      "provider": "provider[\"registry.terraform.io/hashicorp/aws\"]",
      "instances": [
        {
          "index_key": 0,
          "schema_version": 1,
          "attributes": {
            "arn": "arn:aws:ec2:ap-south-1:144028327883:subnet/subnet-0b54ee8867fd57197",
            "assign_ipv6_address_on_creation": false,
            "availability_zone": "ap-south-1a",
            "availability_zone_id": "aps1-az1",
            "cidr_block": "10.0.3.0/24",
            "customer_owned_ipv4_pool": "",
            "enable_dns64": false,
            "enable_resource_name_dns_a_record_on_launch": false,
            "enable_resource_name_dns_aaaa_record_on_launch": false,
            "id": "subnet-0b54ee8867fd57197",
            "ipv6_cidr_block": "",
            "ipv6_cidr_block_association_id": "",
            "ipv6_native": false,
            "map_customer_owned_ip_on_launch": false,
            "map_public_ip_on_launch": false,
            "outpost_arn": "",
            "owner_id": "144028327883",
            "private_dns_hostname_type_on_launch": "ip-name",
            "tags": {
              "Name": "eks-pvt-sub-1"
            },
            "tags_all": {
              "Name": "eks-pvt-sub-1"
            },
            "timeouts": null,
            "vpc_id": "vpc-024f1ee243a7fd4e5"
          },
          "sensitive_attributes": [],
          "private": "eyJlMmJmYjczMC1lY2FhLTExZTYtOGY4OC0zNDM2M2JjN2M0YzAiOnsiY3JlYXRlIjo2MDAwMDAwMDAwMDAsImRlbGV0ZSI6MTIwMDAwMDAwMDAwMH0sInNjaGVtYV92ZXJzaW9uIjoiMSJ9",
          "dependencies": [
            "module.eks-vpc.aws_vpc.eks-vpc"
          ]
        },
        {
          "index_key": 1,
          "schema_version": 1,
          "attributes": {
            "arn": "arn:aws:ec2:ap-south-1:144028327883:subnet/subnet-0ec0645c963d7b2d0",
            "assign_ipv6_address_on_creation": false,
            "availability_zone": "ap-south-1b",
            "availability_zone_id": "aps1-az3",
            "cidr_block": "10.0.4.0/24",
            "customer_owned_ipv4_pool": "",
            "enable_dns64": false,
            "enable_resource_name_dns_a_record_on_launch": false,
            "enable_resource_name_dns_aaaa_record_on_launch": false,
            "id": "subnet-0ec0645c963d7b2d0",
            "ipv6_cidr_block": "",
            "ipv6_cidr_block_association_id": "",
            "ipv6_native": false,
            "map_customer_owned_ip_on_launch": false,
            "map_public_ip_on_launch": false,
            "outpost_arn": "",
            "owner_id": "144028327883",
            "private_dns_hostname_type_on_launch": "ip-name",
            "tags": {
              "Name": "eks-pvt-sub-2"
            },
            "tags_all": {
              "Name": "eks-pvt-sub-2"
            },
            "timeouts": null,
            "vpc_id": "vpc-024f1ee243a7fd4e5"
          },
          "sensitive_attributes": [],
          "private": "eyJlMmJmYjczMC1lY2FhLTExZTYtOGY4OC0zNDM2M2JjN2M0YzAiOnsiY3JlYXRlIjo2MDAwMDAwMDAwMDAsImRlbGV0ZSI6MTIwMDAwMDAwMDAwMH0sInNjaGVtYV92ZXJzaW9uIjoiMSJ9",
          "dependencies": [
            "module.eks-vpc.aws_vpc.eks-vpc"
          ]
        }
      ]
    },
    {
      "module": "module.eks-vpc",
      "mode": "managed",
      "type": "aws_subnet",
      "name": "public-subnet",
      "provider": "provider[\"registry.terraform.io/hashicorp/aws\"]",
      "instances": [
        {
          "index_key": 0,
          "schema_version": 1,
          "attributes": {
            "arn": "arn:aws:ec2:ap-south-1:144028327883:subnet/subnet-0283f94f3800996d5",
            "assign_ipv6_address_on_creation": false,
            "availability_zone": "ap-south-1a",
            "availability_zone_id": "aps1-az1",
            "cidr_block": "10.0.1.0/24",
            "customer_owned_ipv4_pool": "",
            "enable_dns64": false,
            "enable_resource_name_dns_a_record_on_launch": false,
            "enable_resource_name_dns_aaaa_record_on_launch": false,
            "id": "subnet-0283f94f3800996d5",
            "ipv6_cidr_block": "",
            "ipv6_cidr_block_association_id": "",
            "ipv6_native": false,
            "map_customer_owned_ip_on_launch": false,
            "map_public_ip_on_launch": true,
            "outpost_arn": "",
            "owner_id": "144028327883",
            "private_dns_hostname_type_on_launch": "ip-name",
            "tags": {
              "Name": "eks-pub-sub-0"
            },
            "tags_all": {
              "Name": "eks-pub-sub-0"
            },
            "timeouts": null,
            "vpc_id": "vpc-024f1ee243a7fd4e5"
          },
          "sensitive_attributes": [],
          "private": "eyJlMmJmYjczMC1lY2FhLTExZTYtOGY4OC0zNDM2M2JjN2M0YzAiOnsiY3JlYXRlIjo2MDAwMDAwMDAwMDAsImRlbGV0ZSI6MTIwMDAwMDAwMDAwMH0sInNjaGVtYV92ZXJzaW9uIjoiMSJ9",
          "dependencies": [
            "module.eks-vpc.aws_vpc.eks-vpc"
          ]
        },
        {
          "index_key": 1,
          "schema_version": 1,
          "attributes": {
            "arn": "arn:aws:ec2:ap-south-1:144028327883:subnet/subnet-023d35bbaaf4ba6e4",
            "assign_ipv6_address_on_creation": false,
            "availability_zone": "ap-south-1b",
            "availability_zone_id": "aps1-az3",
            "cidr_block": "10.0.2.0/24",
            "customer_owned_ipv4_pool": "",
            "enable_dns64": false,
            "enable_resource_name_dns_a_record_on_launch": false,
            "enable_resource_name_dns_aaaa_record_on_launch": false,
            "id": "subnet-023d35bbaaf4ba6e4",
            "ipv6_cidr_block": "",
            "ipv6_cidr_block_association_id": "",
            "ipv6_native": false,
            "map_customer_owned_ip_on_launch": false,
            "map_public_ip_on_launch": true,
            "outpost_arn": "",
            "owner_id": "144028327883",
            "private_dns_hostname_type_on_launch": "ip-name",
            "tags": {
              "Name": "eks-pub-sub-1"
            },
            "tags_all": {
              "Name": "eks-pub-sub-1"
            },
            "timeouts": null,
            "vpc_id": "vpc-024f1ee243a7fd4e5"
          },
          "sensitive_attributes": [],
          "private": "eyJlMmJmYjczMC1lY2FhLTExZTYtOGY4OC0zNDM2M2JjN2M0YzAiOnsiY3JlYXRlIjo2MDAwMDAwMDAwMDAsImRlbGV0ZSI6MTIwMDAwMDAwMDAwMH0sInNjaGVtYV92ZXJzaW9uIjoiMSJ9",
          "dependencies": [
            "module.eks-vpc.aws_vpc.eks-vpc"
          ]
        }
      ]
    },
    {
      "module": "module.eks-vpc",
      "mode": "managed",
      "type": "aws_vpc",
      "name": "eks-vpc",
      "provider": "provider[\"registry.terraform.io/hashicorp/aws\"]",
      "instances": [
        {
          "schema_version": 1,
          "attributes": {
            "arn": "arn:aws:ec2:ap-south-1:144028327883:vpc/vpc-024f1ee243a7fd4e5",
            "assign_generated_ipv6_cidr_block": false,
            "cidr_block": "10.0.0.0/16",
            "default_network_acl_id": "acl-077befd09f79900f4",
            "default_route_table_id": "rtb-0666b2b29360bd898",
            "default_security_group_id": "sg-01039e7af70c7a0ee",
            "dhcp_options_id": "dopt-51e2e039",
            "enable_classiclink": false,
            "enable_classiclink_dns_support": false,
            "enable_dns_hostnames": true,
            "enable_dns_support": true,
            "id": "vpc-024f1ee243a7fd4e5",
            "instance_tenancy": "default",
            "ipv4_ipam_pool_id": null,
            "ipv4_netmask_length": null,
            "ipv6_association_id": "",
            "ipv6_cidr_block": "",
            "ipv6_cidr_block_network_border_group": "",
            "ipv6_ipam_pool_id": "",
            "ipv6_netmask_length": 0,
            "main_route_table_id": "rtb-0666b2b29360bd898",
            "owner_id": "144028327883",
            "tags": {
              "Name": "eks-cluster-vpc"
            },
            "tags_all": {
              "Name": "eks-cluster-vpc"
            }
          },
          "sensitive_attributes": [],
          "private": "eyJzY2hlbWFfdmVyc2lvbiI6IjEifQ=="
        }
      ]
    },
    {
      "module": "module.worker-node",
      "mode": "managed",
      "type": "aws_eks_node_group",
      "name": "demo",
      "provider": "provider[\"registry.terraform.io/hashicorp/aws\"]",
      "instances": [
        {
          "schema_version": 0,
          "attributes": {
            "ami_type": "AL2_x86_64",
            "arn": "arn:aws:eks:ap-south-1:144028327883:nodegroup/test-eks-cluster/demo-worker/44c1125e-405c-d5c5-a15c-d7c06b813ba6",
            "capacity_type": "ON_DEMAND",
            "cluster_name": "test-eks-cluster",
            "disk_size": 10,
            "force_update_version": null,
            "id": "test-eks-cluster:demo-worker",
            "instance_types": [
              "t2.large"
            ],
            "labels": null,
            "launch_template": [],
            "node_group_name": "demo-worker",
            "node_group_name_prefix": "",
            "node_role_arn": "arn:aws:iam::144028327883:role/worker-node-role",
            "release_version": "1.22.9-20220629",
            "remote_access": [],
            "resources": [
              {
                "autoscaling_groups": [
                  {
                    "name": "eks-demo-worker-44c1125e-405c-d5c5-a15c-d7c06b813ba6"
                  }
                ],
                "remote_access_security_group_id": ""
              }
            ],
            "scaling_config": [
              {
                "desired_size": 2,
                "max_size": 3,
                "min_size": 2
              }
            ],
            "status": "ACTIVE",
            "subnet_ids": [
              "subnet-023d35bbaaf4ba6e4",
              "subnet-0283f94f3800996d5"
            ],
            "tags": {
              "Name": "worker-node"
            },
            "tags_all": {
              "Name": "worker-node"
            },
            "taint": [],
            "timeouts": null,
            "update_config": [
              {
                "max_unavailable": 1,
                "max_unavailable_percentage": 0
              }
            ],
            "version": "1.22"
          },
          "sensitive_attributes": [],
          "private": "eyJlMmJmYjczMC1lY2FhLTExZTYtOGY4OC0zNDM2M2JjN2M0YzAiOnsiY3JlYXRlIjozNjAwMDAwMDAwMDAwLCJkZWxldGUiOjM2MDAwMDAwMDAwMDAsInVwZGF0ZSI6MzYwMDAwMDAwMDAwMH19",
          "dependencies": [
            "module.demo-cluster.aws_eks_cluster.demo",
            "module.demo-cluster.aws_iam_role.demo-cluster",
            "module.demo-cluster.aws_iam_role_policy_attachment.demo-cluster-AmazonEKSClusterPolicy",
            "module.demo-cluster.aws_iam_role_policy_attachment.demo-cluster-AmazonEKSServicePolicy",
            "module.demo-cluster.aws_security_group.demo-cluster",
            "module.eks-vpc.aws_subnet.public-subnet",
            "module.eks-vpc.aws_vpc.eks-vpc",
            "module.worker-node.aws_iam_role.worker-role",
            "module.worker-node.aws_iam_role_policy_attachment.demo-node-AmazonEC2ContainerRegistryReadOnly",
            "module.worker-node.aws_iam_role_policy_attachment.demo-node-AmazonEKSWorkerNodePolicy",
            "module.worker-node.aws_iam_role_policy_attachment.demo-node-AmazonEKS_CNI_Policy"
          ]
        }
      ]
    },
    {
      "module": "module.worker-node",
      "mode": "managed",
      "type": "aws_iam_role",
      "name": "worker-role",
      "provider": "provider[\"registry.terraform.io/hashicorp/aws\"]",
      "instances": [
        {
          "schema_version": 0,
          "attributes": {
            "arn": "arn:aws:iam::144028327883:role/worker-node-role",
            "assume_role_policy": "{\"Version\":\"2012-10-17\",\"Statement\":[{\"Effect\":\"Allow\",\"Principal\":{\"Service\":\"ec2.amazonaws.com\"},\"Action\":\"sts:AssumeRole\"}]}",
            "create_date": "2022-07-22T06:58:14Z",
            "description": "",
            "force_detach_policies": false,
            "id": "worker-node-role",
            "inline_policy": [
              {
                "name": "",
                "policy": ""
              }
            ],
            "managed_policy_arns": [],
            "max_session_duration": 3600,
            "name": "worker-node-role",
            "name_prefix": "",
            "path": "/",
            "permissions_boundary": null,
            "tags": null,
            "tags_all": {},
            "unique_id": "AROASDCGB37FVZNBCNGAL"
          },
          "sensitive_attributes": [],
          "private": "bnVsbA=="
        }
      ]
    },
    {
      "module": "module.worker-node",
      "mode": "managed",
      "type": "aws_iam_role_policy_attachment",
      "name": "demo-node-AmazonEC2ContainerRegistryReadOnly",
      "provider": "provider[\"registry.terraform.io/hashicorp/aws\"]",
      "instances": [
        {
          "schema_version": 0,
          "attributes": {
            "id": "worker-node-role-20220722065815619700000002",
            "policy_arn": "arn:aws:iam::aws:policy/AmazonEC2ContainerRegistryReadOnly",
            "role": "worker-node-role"
          },
          "sensitive_attributes": [],
          "private": "bnVsbA==",
          "dependencies": [
            "module.worker-node.aws_iam_role.worker-role"
          ]
        }
      ]
    },
    {
      "module": "module.worker-node",
      "mode": "managed",
      "type": "aws_iam_role_policy_attachment",
      "name": "demo-node-AmazonEKSWorkerNodePolicy",
      "provider": "provider[\"registry.terraform.io/hashicorp/aws\"]",
      "instances": [
        {
          "schema_version": 0,
          "attributes": {
            "id": "worker-node-role-20220722065815967800000004",
            "policy_arn": "arn:aws:iam::aws:policy/AmazonEKSWorkerNodePolicy",
            "role": "worker-node-role"
          },
          "sensitive_attributes": [],
          "private": "bnVsbA==",
          "dependencies": [
            "module.worker-node.aws_iam_role.worker-role"
          ]
        }
      ]
    },
    {
      "module": "module.worker-node",
      "mode": "managed",
      "type": "aws_iam_role_policy_attachment",
      "name": "demo-node-AmazonEKS_CNI_Policy",
      "provider": "provider[\"registry.terraform.io/hashicorp/aws\"]",
      "instances": [
        {
          "schema_version": 0,
          "attributes": {
            "id": "worker-node-role-20220722065815951400000003",
            "policy_arn": "arn:aws:iam::aws:policy/AmazonEKS_CNI_Policy",
            "role": "worker-node-role"
          },
          "sensitive_attributes": [],
          "private": "bnVsbA==",
          "dependencies": [
            "module.worker-node.aws_iam_role.worker-role"
          ]
        }
      ]
    },
    {
      "module": "module.worker-node",
      "mode": "managed",
      "type": "aws_security_group",
      "name": "worker-sg",
      "provider": "provider[\"registry.terraform.io/hashicorp/aws\"]",
      "instances": [
        {
          "schema_version": 1,
          "attributes": {
            "arn": "arn:aws:ec2:ap-south-1:144028327883:security-group/sg-085bf6738bd5d90ea",
            "description": "Managed by Terraform",
            "egress": [
              {
                "cidr_blocks": [
                  "0.0.0.0/0"
                ],
                "description": "",
                "from_port": 0,
                "ipv6_cidr_blocks": [],
                "prefix_list_ids": [],
                "protocol": "-1",
                "security_groups": [],
                "self": false,
                "to_port": 0
              }
            ],
            "id": "sg-085bf6738bd5d90ea",
            "ingress": [
              {
                "cidr_blocks": [
                  "0.0.0.0/0"
                ],
                "description": "",
                "from_port": 80,
                "ipv6_cidr_blocks": [],
                "prefix_list_ids": [],
                "protocol": "tcp",
                "security_groups": [],
                "self": false,
                "to_port": 80
              }
            ],
            "name": "worker-sg",
            "name_prefix": "",
            "owner_id": "144028327883",
            "revoke_rules_on_delete": false,
            "tags": null,
            "tags_all": {},
            "timeouts": null,
            "vpc_id": "vpc-024f1ee243a7fd4e5"
          },
          "sensitive_attributes": [],
          "private": "eyJlMmJmYjczMC1lY2FhLTExZTYtOGY4OC0zNDM2M2JjN2M0YzAiOnsiY3JlYXRlIjo2MDAwMDAwMDAwMDAsImRlbGV0ZSI6OTAwMDAwMDAwMDAwfSwic2NoZW1hX3ZlcnNpb24iOiIxIn0=",
          "dependencies": [
            "module.eks-vpc.aws_vpc.eks-vpc"
          ]
        }
      ]
    }
  ]
}
